Microsoft Visual Studio Solution File, Format Version 12.00
# Visual Studio Version 17
VisualStudioVersion = 17.5.2.0
MinimumVisualStudioVersion = 10.0.40219.1
Project("{FAE04EC0-301F-11D3-BF4B-00C04F79EFBC}") = "svgtest", "svgtest.csproj", "{99F0FD5A-CCEF-4D5A-499A-C7A9399BC7FF}"
EndProject
Global
	GlobalSection(SolutionConfigurationPlatforms) = preSolution
		Debug|Any CPU = Debug|Any CPU
		Release|Any CPU = Release|Any CPU
	EndGlobalSection
	GlobalSection(ProjectConfigurationPlatforms) = postSolution
		{99F0FD5A-CCEF-4D5A-499A-C7A9399BC7FF}.Debug|Any CPU.ActiveCfg = Debug|Any CPU
		{99F0FD5A-CCEF-4D5A-499A-C7A9399BC7FF}.Debug|Any CPU.Build.0 = Debug|Any CPU
		{99F0FD5A-CCEF-4D5A-499A-C7A9399BC7FF}.Release|Any CPU.ActiveCfg = Release|Any CPU
		{99F0FD5A-CCEF-4D5A-499A-C7A9399BC7FF}.Release|Any CPU.Build.0 = Release|Any CPU
	EndGlobalSection
	GlobalSection(SolutionProperties) = preSolution
		HideSolutionNode = FALSE
	EndGlobalSection
	GlobalSection(ExtensibilityGlobals) = postSolution
		SolutionGuid = {7A2F3492-27CE-4492-9AED-171C5551B7C8}
	EndGlobalSection
EndGlobal
